
Microsoft Visual Studio Solution File, Format Version 12.00
# Visual Studio Version 17
VisualStudioVersion = 17.10.35013.160
MinimumVisualStudioVersion = 10.0.40219.1
Project("{FAE04EC0-301F-11D3-BF4B-00C04F79EFBC}") = "SocialPolitics.Core", "SocialPolitics\SocialPolitics.Core.csproj", "{E83C0DED-8F8C-48C4-90EA-E622402887B4}"
EndProject
Project("{FAE04EC0-301F-11D3-BF4B-00C04F79EFBC}") = "SocialPolitics.UserManagementService", "UserManagementService\SocialPolitics.UserManagementService.csproj", "{50A5B74A-DE03-458E-9A51-924AA63E8B5C}"
EndProject
Global
	GlobalSection(SolutionConfigurationPlatforms) = preSolution
		Debug|Any CPU = Debug|Any CPU
		Release|Any CPU = Release|Any CPU
	EndGlobalSection
	GlobalSection(ProjectConfigurationPlatforms) = postSolution
		{E83C0DED-8F8C-48C4-90EA-E622402887B4}.Debug|Any CPU.ActiveCfg = Debug|Any CPU
		{E83C0DED-8F8C-48C4-90EA-E622402887B4}.Debug|Any CPU.Build.0 = Debug|Any CPU
		{E83C0DED-8F8C-48C4-90EA-E622402887B4}.Release|Any CPU.ActiveCfg = Release|Any CPU
		{E83C0DED-8F8C-48C4-90EA-E622402887B4}.Release|Any CPU.Build.0 = Release|Any CPU
		{50A5B74A-DE03-458E-9A51-924AA63E8B5C}.Debug|Any CPU.ActiveCfg = Debug|Any CPU
		{50A5B74A-DE03-458E-9A51-924AA63E8B5C}.Debug|Any CPU.Build.0 = Debug|Any CPU
		{50A5B74A-DE03-458E-9A51-924AA63E8B5C}.Release|Any CPU.ActiveCfg = Release|Any CPU
		{50A5B74A-DE03-458E-9A51-924AA63E8B5C}.Release|Any CPU.Build.0 = Release|Any CPU
	EndGlobalSection
	GlobalSection(SolutionProperties) = preSolution
		HideSolutionNode = FALSE
	EndGlobalSection
	GlobalSection(ExtensibilityGlobals) = postSolution
		SolutionGuid = {83D1E93B-3ABB-4DD2-8255-DB4039AE356E}
	EndGlobalSection
EndGlobal
